
Microsoft Visual Studio Solution File, Format Version 12.00
# Visual Studio Version 16
VisualStudioVersion = 16.0.31321.278
MinimumVisualStudioVersion = 10.0.40219.1
Project("{FAE04EC0-301F-11D3-BF4B-00C04F79EFBC}") = "BasicCalculator", "BasicCalculator\BasicCalculator.csproj", "{46D939B0-187B-4496-9928-2E2FCD5FCAD0}"
EndProject
Global
	GlobalSection(SolutionConfigurationPlatforms) = preSolution
		Debug|Any CPU = Debug|Any CPU
		Release|Any CPU = Release|Any CPU
	EndGlobalSection
	GlobalSection(ProjectConfigurationPlatforms) = postSolution
		{46D939B0-187B-4496-9928-2E2FCD5FCAD0}.Debug|Any CPU.ActiveCfg = Debug|Any CPU
		{46D939B0-187B-4496-9928-2E2FCD5FCAD0}.Debug|Any CPU.Build.0 = Debug|Any CPU
		{46D939B0-187B-4496-9928-2E2FCD5FCAD0}.Release|Any CPU.ActiveCfg = Release|Any CPU
		{46D939B0-187B-4496-9928-2E2FCD5FCAD0}.Release|Any CPU.Build.0 = Release|Any CPU
	EndGlobalSection
	GlobalSection(SolutionProperties) = preSolution
		HideSolutionNode = FALSE
	EndGlobalSection
	GlobalSection(ExtensibilityGlobals) = postSolution
		SolutionGuid = {29613E9B-D099-498F-902D-48131353240A}
	EndGlobalSection
EndGlobal
